
Microsoft Visual Studio Solution File, Format Version 12.00
# Visual Studio Version 17
VisualStudioVersion = 17.7.34003.232
MinimumVisualStudioVersion = 10.0.40219.1
Project("{FAE04EC0-301F-11D3-BF4B-00C04F79EFBC}") = "상속", "상속.csproj", "{2C24BD2C-42EB-4BBA-BC5D-C6DBA15198A5}"
EndProject
Project("{FAE04EC0-301F-11D3-BF4B-00C04F79EFBC}") = "매소드 심화", "..\매소드 심화\매소드 심화.csproj", "{D92725FA-7FD0-4888-91BE-FBF689D838CD}"
EndProject
Project("{FAE04EC0-301F-11D3-BF4B-00C04F79EFBC}") = "다형성", "..\다형성\다형성.csproj", "{40150A6D-E6AE-441F-8C0D-6474446E37E8}"
EndProject
Global
	GlobalSection(SolutionConfigurationPlatforms) = preSolution
		Debug|Any CPU = Debug|Any CPU
		Release|Any CPU = Release|Any CPU
	EndGlobalSection
	GlobalSection(ProjectConfigurationPlatforms) = postSolution
		{2C24BD2C-42EB-4BBA-BC5D-C6DBA15198A5}.Debug|Any CPU.ActiveCfg = Debug|Any CPU
		{2C24BD2C-42EB-4BBA-BC5D-C6DBA15198A5}.Debug|Any CPU.Build.0 = Debug|Any CPU
		{2C24BD2C-42EB-4BBA-BC5D-C6DBA15198A5}.Release|Any CPU.ActiveCfg = Release|Any CPU
		{2C24BD2C-42EB-4BBA-BC5D-C6DBA15198A5}.Release|Any CPU.Build.0 = Release|Any CPU
		{D92725FA-7FD0-4888-91BE-FBF689D838CD}.Debug|Any CPU.ActiveCfg = Debug|Any CPU
		{D92725FA-7FD0-4888-91BE-FBF689D838CD}.Debug|Any CPU.Build.0 = Debug|Any CPU
		{D92725FA-7FD0-4888-91BE-FBF689D838CD}.Release|Any CPU.ActiveCfg = Release|Any CPU
		{D92725FA-7FD0-4888-91BE-FBF689D838CD}.Release|Any CPU.Build.0 = Release|Any CPU
		{40150A6D-E6AE-441F-8C0D-6474446E37E8}.Debug|Any CPU.ActiveCfg = Debug|Any CPU
		{40150A6D-E6AE-441F-8C0D-6474446E37E8}.Debug|Any CPU.Build.0 = Debug|Any CPU
		{40150A6D-E6AE-441F-8C0D-6474446E37E8}.Release|Any CPU.ActiveCfg = Release|Any CPU
		{40150A6D-E6AE-441F-8C0D-6474446E37E8}.Release|Any CPU.Build.0 = Release|Any CPU
	EndGlobalSection
	GlobalSection(SolutionProperties) = preSolution
		HideSolutionNode = FALSE
	EndGlobalSection
	GlobalSection(ExtensibilityGlobals) = postSolution
		SolutionGuid = {F5429489-81D4-4F96-9C30-564FDFBF40D3}
	EndGlobalSection
EndGlobal
